
Microsoft Visual Studio Solution File, Format Version 11.00
# Visual Studio 2010 Express for Windows Phone
Project("{FAE04EC0-301F-11D3-BF4B-00C04F79EFBC}") = "PhoneApp1", "PhoneApp1\PhoneApp1.csproj", "{6DAF6A46-CB98-4B24-9348-CE7E53C226E4}"
EndProject
Project("{FAE04EC0-301F-11D3-BF4B-00C04F79EFBC}") = "Jint.WP7", "Jint.WP7\Jint.WP7.csproj", "{F7C9BF87-BAB0-4F00-BA1B-191FE65E384C}"
EndProject
Global
	GlobalSection(SolutionConfigurationPlatforms) = preSolution
		Debug|Any CPU = Debug|Any CPU
		Release|Any CPU = Release|Any CPU
	EndGlobalSection
	GlobalSection(ProjectConfigurationPlatforms) = postSolution
		{6DAF6A46-CB98-4B24-9348-CE7E53C226E4}.Debug|Any CPU.ActiveCfg = Debug|Any CPU
		{6DAF6A46-CB98-4B24-9348-CE7E53C226E4}.Debug|Any CPU.Build.0 = Debug|Any CPU
		{6DAF6A46-CB98-4B24-9348-CE7E53C226E4}.Debug|Any CPU.Deploy.0 = Debug|Any CPU
		{6DAF6A46-CB98-4B24-9348-CE7E53C226E4}.Release|Any CPU.ActiveCfg = Release|Any CPU
		{6DAF6A46-CB98-4B24-9348-CE7E53C226E4}.Release|Any CPU.Build.0 = Release|Any CPU
		{6DAF6A46-CB98-4B24-9348-CE7E53C226E4}.Release|Any CPU.Deploy.0 = Release|Any CPU
		{F7C9BF87-BAB0-4F00-BA1B-191FE65E384C}.Debug|Any CPU.ActiveCfg = Debug|Any CPU
		{F7C9BF87-BAB0-4F00-BA1B-191FE65E384C}.Debug|Any CPU.Build.0 = Debug|Any CPU
		{F7C9BF87-BAB0-4F00-BA1B-191FE65E384C}.Release|Any CPU.ActiveCfg = Release|Any CPU
		{F7C9BF87-BAB0-4F00-BA1B-191FE65E384C}.Release|Any CPU.Build.0 = Release|Any CPU
	EndGlobalSection
	GlobalSection(SolutionProperties) = preSolution
		HideSolutionNode = FALSE
	EndGlobalSection
EndGlobal
